
Microsoft Visual Studio Solution File, Format Version 12.00
# Visual Studio 15
VisualStudioVersion = 15.0.26730.8
MinimumVisualStudioVersion = 10.0.40219.1
Project("{FAE04EC0-301F-11D3-BF4B-00C04F79EFBC}") = "smcrypto", "smcrypto\smcrypto.csproj", "{183A6EBE-595B-4971-8F43-3F48C5382329}"
EndProject
Global
	GlobalSection(SolutionConfigurationPlatforms) = preSolution
		Debug|Any CPU = Debug|Any CPU
		Release|Any CPU = Release|Any CPU
	EndGlobalSection
	GlobalSection(ProjectConfigurationPlatforms) = postSolution
		{183A6EBE-595B-4971-8F43-3F48C5382329}.Debug|Any CPU.ActiveCfg = Debug|Any CPU
		{183A6EBE-595B-4971-8F43-3F48C5382329}.Debug|Any CPU.Build.0 = Debug|Any CPU
		{183A6EBE-595B-4971-8F43-3F48C5382329}.Release|Any CPU.ActiveCfg = Release|Any CPU
		{183A6EBE-595B-4971-8F43-3F48C5382329}.Release|Any CPU.Build.0 = Release|Any CPU
	EndGlobalSection
	GlobalSection(SolutionProperties) = preSolution
		HideSolutionNode = FALSE
	EndGlobalSection
	GlobalSection(ExtensibilityGlobals) = postSolution
		SolutionGuid = {DCB41EF8-8AAE-4CFC-B438-C43E6069E38D}
	EndGlobalSection
EndGlobal
